
Microsoft Visual Studio Solution File, Format Version 12.00
# Visual Studio Version 17
VisualStudioVersion = 17.8.34330.188
MinimumVisualStudioVersion = 10.0.40219.1
Project("{9A19103F-16F7-4668-BE54-9A1E7A4F7556}") = "AccSol", "AccSol\AccSol.csproj", "{0A499441-9883-4C53-90EF-B6614A8C0A3E}"
EndProject
Project("{9A19103F-16F7-4668-BE54-9A1E7A4F7556}") = "AccSol.API", "AccSol.API\AccSol.API.csproj", "{197EC20B-FCAA-4234-A628-AE5F6AB1EB75}"
EndProject
Project("{9A19103F-16F7-4668-BE54-9A1E7A4F7556}") = "AccSol.EF", "AccSol.EF\AccSol.EF.csproj", "{B20DEEB1-029C-48C9-9180-21813F126CC6}"
EndProject
Project("{2150E333-8FDC-42A3-9474-1A3956D46DE8}") = "Solution Items", "Solution Items", "{741C0BC3-BD03-44BA-B6A8-59FB88CFBACD}"
	ProjectSection(SolutionItems) = preProject
		docker-compose.yml = docker-compose.yml
		api.bat = api.bat
	EndProjectSection
EndProject
Global
	GlobalSection(SolutionConfigurationPlatforms) = preSolution
		Debug|Any CPU = Debug|Any CPU
		Release|Any CPU = Release|Any CPU
	EndGlobalSection
	GlobalSection(ProjectConfigurationPlatforms) = postSolution
		{0A499441-9883-4C53-90EF-B6614A8C0A3E}.Debug|Any CPU.ActiveCfg = Debug|Any CPU
		{0A499441-9883-4C53-90EF-B6614A8C0A3E}.Debug|Any CPU.Build.0 = Debug|Any CPU
		{0A499441-9883-4C53-90EF-B6614A8C0A3E}.Release|Any CPU.ActiveCfg = Release|Any CPU
		{0A499441-9883-4C53-90EF-B6614A8C0A3E}.Release|Any CPU.Build.0 = Release|Any CPU
		{197EC20B-FCAA-4234-A628-AE5F6AB1EB75}.Debug|Any CPU.ActiveCfg = Debug|Any CPU
		{197EC20B-FCAA-4234-A628-AE5F6AB1EB75}.Debug|Any CPU.Build.0 = Debug|Any CPU
		{197EC20B-FCAA-4234-A628-AE5F6AB1EB75}.Release|Any CPU.ActiveCfg = Release|Any CPU
		{197EC20B-FCAA-4234-A628-AE5F6AB1EB75}.Release|Any CPU.Build.0 = Release|Any CPU
		{B20DEEB1-029C-48C9-9180-21813F126CC6}.Debug|Any CPU.ActiveCfg = Debug|Any CPU
		{B20DEEB1-029C-48C9-9180-21813F126CC6}.Debug|Any CPU.Build.0 = Debug|Any CPU
		{B20DEEB1-029C-48C9-9180-21813F126CC6}.Release|Any CPU.ActiveCfg = Release|Any CPU
		{B20DEEB1-029C-48C9-9180-21813F126CC6}.Release|Any CPU.Build.0 = Release|Any CPU
	EndGlobalSection
	GlobalSection(SolutionProperties) = preSolution
		HideSolutionNode = FALSE
	EndGlobalSection
	GlobalSection(ExtensibilityGlobals) = postSolution
		SolutionGuid = {F30D985D-BEB1-4671-B12D-BEE564C1A05B}
	EndGlobalSection
EndGlobal
